
Microsoft Visual Studio Solution File, Format Version 12.00
# Visual Studio Version 17
VisualStudioVersion = 17.2.32630.192
MinimumVisualStudioVersion = 10.0.40219.1
Project("{FAE04EC0-301F-11D3-BF4B-00C04F79EFBC}") = "Prova-2b-POO", "Prova-2b-POO.csproj", "{3BDB7D59-5166-424C-98C8-96DCF367514A}"
EndProject
Global
	GlobalSection(SolutionConfigurationPlatforms) = preSolution
		Debug|Any CPU = Debug|Any CPU
		Release|Any CPU = Release|Any CPU
	EndGlobalSection
	GlobalSection(ProjectConfigurationPlatforms) = postSolution
		{3BDB7D59-5166-424C-98C8-96DCF367514A}.Debug|Any CPU.ActiveCfg = Debug|Any CPU
		{3BDB7D59-5166-424C-98C8-96DCF367514A}.Debug|Any CPU.Build.0 = Debug|Any CPU
		{3BDB7D59-5166-424C-98C8-96DCF367514A}.Release|Any CPU.ActiveCfg = Release|Any CPU
		{3BDB7D59-5166-424C-98C8-96DCF367514A}.Release|Any CPU.Build.0 = Release|Any CPU
	EndGlobalSection
	GlobalSection(SolutionProperties) = preSolution
		HideSolutionNode = FALSE
	EndGlobalSection
	GlobalSection(ExtensibilityGlobals) = postSolution
		SolutionGuid = {3A2B431F-F40A-4B30-86D3-56B6AEF043BE}
	EndGlobalSection
EndGlobal
